
Microsoft Visual Studio Solution File, Format Version 12.00
# Visual Studio for Mac
Project("{FAE04EC0-301F-11D3-BF4B-00C04F79EFBC}") = "Assembly-CSharp", "Assembly-CSharp.csproj", "{22AA87BA-5C07-3E92-AA83-E8559FB813E5}"
EndProject
Project("{FAE04EC0-301F-11D3-BF4B-00C04F79EFBC}") = "Assembly-CSharp-Editor", "Assembly-CSharp-Editor.csproj", "{7A150787-DEE6-3098-6264-130B75FF2470}"
EndProject
Global
	GlobalSection(SolutionConfigurationPlatforms) = preSolution
		Debug|Any CPU = Debug|Any CPU
		Release|Any CPU = Release|Any CPU
	EndGlobalSection
	GlobalSection(ProjectConfigurationPlatforms) = postSolution
		{22AA87BA-5C07-3E92-AA83-E8559FB813E5}.Debug|Any CPU.ActiveCfg = Debug|Any CPU
		{22AA87BA-5C07-3E92-AA83-E8559FB813E5}.Debug|Any CPU.Build.0 = Debug|Any CPU
		{22AA87BA-5C07-3E92-AA83-E8559FB813E5}.Release|Any CPU.ActiveCfg = Release|Any CPU
		{22AA87BA-5C07-3E92-AA83-E8559FB813E5}.Release|Any CPU.Build.0 = Release|Any CPU
		{7A150787-DEE6-3098-6264-130B75FF2470}.Debug|Any CPU.ActiveCfg = Debug|Any CPU
		{7A150787-DEE6-3098-6264-130B75FF2470}.Debug|Any CPU.Build.0 = Debug|Any CPU
		{7A150787-DEE6-3098-6264-130B75FF2470}.Release|Any CPU.ActiveCfg = Release|Any CPU
		{7A150787-DEE6-3098-6264-130B75FF2470}.Release|Any CPU.Build.0 = Release|Any CPU
	EndGlobalSection
	GlobalSection(SolutionProperties) = preSolution
		HideSolutionNode = FALSE
	EndGlobalSection
EndGlobal
